// !$*UTF8*$!
{
	archiveVersion = 1;
	classes = {
	};
	objectVersion = 56;
	objects = {

/* Begin PBXBuildFile section */
		4600886B2B8A513F008E644A /* OnboardingView.swift in Sources */ = {isa = PBXBuildFile; fileRef = 4600886A2B8A513F008E644A /* OnboardingView.swift */; };
		4600886D2B8A51EC008E644A /* TextLabelButton.swift in Sources */ = {isa = PBXBuildFile; fileRef = 4600886C2B8A51EC008E644A /* TextLabelButton.swift */; };
		4600886F2B8A5368008E644A /* Constants.swift in Sources */ = {isa = PBXBuildFile; fileRef = 4600886E2B8A5368008E644A /* Constants.swift */; };
		4600887B2B8A5BD2008E644A /* ReadexPro.ttf in Resources */ = {isa = PBXBuildFile; fileRef = 460088792B8A5BBF008E644A /* ReadexPro.ttf */; };
		46B316752B8A67A2004D7715 /* NavigationViewModel.swift in Sources */ = {isa = PBXBuildFile; fileRef = 46B316742B8A67A2004D7715 /* NavigationViewModel.swift */; };
		46B316772B8A7355004D7715 /* OnboardingViewModel.swift in Sources */ = {isa = PBXBuildFile; fileRef = 46B316762B8A7355004D7715 /* OnboardingViewModel.swift */; };
		46B3167E2B8A7550004D7715 /* Traits.swift in Sources */ = {isa = PBXBuildFile; fileRef = 46B3167D2B8A7550004D7715 /* Traits.swift */; };
		46B316802B8A775E004D7715 /* CircleImageButton.swift in Sources */ = {isa = PBXBuildFile; fileRef = 46B3167F2B8A775E004D7715 /* CircleImageButton.swift */; };
		46B316822B8A7869004D7715 /* PartOfDay.swift in Sources */ = {isa = PBXBuildFile; fileRef = 46B316812B8A7869004D7715 /* PartOfDay.swift */; };
		46F9F3F72B89B3CF00F524AC /* ipseApp.swift in Sources */ = {isa = PBXBuildFile; fileRef = 46F9F3F62B89B3CF00F524AC /* ipseApp.swift */; };
		46F9F3F92B89B3CF00F524AC /* ContentView.swift in Sources */ = {isa = PBXBuildFile; fileRef = 46F9F3F82B89B3CF00F524AC /* ContentView.swift */; };
		46F9F3FB2B89B3D000F524AC /* Assets.xcassets in Resources */ = {isa = PBXBuildFile; fileRef = 46F9F3FA2B89B3D000F524AC /* Assets.xcassets */; };
		46F9F4002B89B3D000F524AC /* Persistence.swift in Sources */ = {isa = PBXBuildFile; fileRef = 46F9F3FF2B89B3D000F524AC /* Persistence.swift */; };
		46F9F4032B89B3D000F524AC /* ipse.xcdatamodeld in Sources */ = {isa = PBXBuildFile; fileRef = 46F9F4012B89B3D000F524AC /* ipse.xcdatamodeld */; };
/* End PBXBuildFile section */

/* Begin PBXFileReference section */
		4600886A2B8A513F008E644A /* OnboardingView.swift */ = {isa = PBXFileReference; lastKnownFileType = sourcecode.swift; path = OnboardingView.swift; sourceTree = "<group>"; };
		4600886C2B8A51EC008E644A /* TextLabelButton.swift */ = {isa = PBXFileReference; lastKnownFileType = sourcecode.swift; path = TextLabelButton.swift; sourceTree = "<group>"; };
		4600886E2B8A5368008E644A /* Constants.swift */ = {isa = PBXFileReference; lastKnownFileType = sourcecode.swift; path = Constants.swift; sourceTree = "<group>"; };
		460088722B8A553E008E644A /* Info.plist */ = {isa = PBXFileReference; lastKnownFileType = text.plist; path = Info.plist; sourceTree = "<group>"; };
		460088792B8A5BBF008E644A /* ReadexPro.ttf */ = {isa = PBXFileReference; lastKnownFileType = file; name = ReadexPro.ttf; path = ipse/ReadexPro.ttf; sourceTree = SOURCE_ROOT; };
		46B316742B8A67A2004D7715 /* NavigationViewModel.swift */ = {isa = PBXFileReference; lastKnownFileType = sourcecode.swift; path = NavigationViewModel.swift; sourceTree = "<group>"; };
		46B316762B8A7355004D7715 /* OnboardingViewModel.swift */ = {isa = PBXFileReference; lastKnownFileType = sourcecode.swift; path = OnboardingViewModel.swift; sourceTree = "<group>"; };
		46B3167D2B8A7550004D7715 /* Traits.swift */ = {isa = PBXFileReference; lastKnownFileType = sourcecode.swift; path = Traits.swift; sourceTree = "<group>"; };
		46B3167F2B8A775E004D7715 /* CircleImageButton.swift */ = {isa = PBXFileReference; lastKnownFileType = sourcecode.swift; path = CircleImageButton.swift; sourceTree = "<group>"; };
		46B316812B8A7869004D7715 /* PartOfDay.swift */ = {isa = PBXFileReference; lastKnownFileType = sourcecode.swift; path = PartOfDay.swift; sourceTree = "<group>"; };
		46F9F3F32B89B3CF00F524AC /* ipse.app */ = {isa = PBXFileReference; explicitFileType = wrapper.application; includeInIndex = 0; path = ipse.app; sourceTree = BUILT_PRODUCTS_DIR; };
		46F9F3F62B89B3CF00F524AC /* ipseApp.swift */ = {isa = PBXFileReference; lastKnownFileType = sourcecode.swift; path = ipseApp.swift; sourceTree = "<group>"; };
		46F9F3F82B89B3CF00F524AC /* ContentView.swift */ = {isa = PBXFileReference; lastKnownFileType = sourcecode.swift; path = ContentView.swift; sourceTree = "<group>"; };
		46F9F3FA2B89B3D000F524AC /* Assets.xcassets */ = {isa = PBXFileReference; lastKnownFileType = folder.assetcatalog; path = Assets.xcassets; sourceTree = "<group>"; };
		46F9F3FF2B89B3D000F524AC /* Persistence.swift */ = {isa = PBXFileReference; lastKnownFileType = sourcecode.swift; path = Persistence.swift; sourceTree = "<group>"; };
		46F9F4022B89B3D000F524AC /* ipse.xcdatamodel */ = {isa = PBXFileReference; lastKnownFileType = wrapper.xcdatamodel; path = ipse.xcdatamodel; sourceTree = "<group>"; };
/* End PBXFileReference section */

/* Begin PBXFrameworksBuildPhase section */
		46F9F3F02B89B3CF00F524AC /* Frameworks */ = {
			isa = PBXFrameworksBuildPhase;
			buildActionMask = 2147483647;
			files = (
			);
			runOnlyForDeploymentPostprocessing = 0;
		};
/* End PBXFrameworksBuildPhase section */

/* Begin PBXGroup section */
		460088662B8A4FE5008E644A /* Onboarding */ = {
			isa = PBXGroup;
			children = (
				4600886A2B8A513F008E644A /* OnboardingView.swift */,
				46B316762B8A7355004D7715 /* OnboardingViewModel.swift */,
			);
			path = Onboarding;
			sourceTree = "<group>";
		};
		460088672B8A4FF4008E644A /* CheckIn */ = {
			isa = PBXGroup;
			children = (
			);
			path = CheckIn;
			sourceTree = "<group>";
		};
		460088682B8A5003008E644A /* Data */ = {
			isa = PBXGroup;
			children = (
			);
			path = Data;
			sourceTree = "<group>";
		};
		460088692B8A5012008E644A /* Shared */ = {
			isa = PBXGroup;
			children = (
				4600886C2B8A51EC008E644A /* TextLabelButton.swift */,
				4600886E2B8A5368008E644A /* Constants.swift */,
				46B3167F2B8A775E004D7715 /* CircleImageButton.swift */,
			);
			path = Shared;
			sourceTree = "<group>";
		};
		46B316732B8A6793004D7715 /* Navigation */ = {
			isa = PBXGroup;
			children = (
				46B316742B8A67A2004D7715 /* NavigationViewModel.swift */,
			);
			path = Navigation;
			sourceTree = "<group>";
		};
		46B3167B2B8A7476004D7715 /* Settings */ = {
			isa = PBXGroup;
			children = (
			);
			path = Settings;
			sourceTree = "<group>";
		};
		46B3167C2B8A752E004D7715 /* Types */ = {
			isa = PBXGroup;
			children = (
				46B3167D2B8A7550004D7715 /* Traits.swift */,
				46B316812B8A7869004D7715 /* PartOfDay.swift */,
			);
			path = Types;
			sourceTree = "<group>";
		};
		46F9F3EA2B89B3CF00F524AC = {
			isa = PBXGroup;
			children = (
				46F9F3F52B89B3CF00F524AC /* ipse */,
				46F9F3F42B89B3CF00F524AC /* Products */,
			);
			sourceTree = "<group>";
		};
		46F9F3F42B89B3CF00F524AC /* Products */ = {
			isa = PBXGroup;
			children = (
				46F9F3F32B89B3CF00F524AC /* ipse.app */,
			);
			name = Products;
			sourceTree = "<group>";
		};
		46F9F3F52B89B3CF00F524AC /* ipse */ = {
			isa = PBXGroup;
			children = (
				46B3167C2B8A752E004D7715 /* Types */,
				460088792B8A5BBF008E644A /* ReadexPro.ttf */,
				460088722B8A553E008E644A /* Info.plist */,
				460088692B8A5012008E644A /* Shared */,
				460088672B8A4FF4008E644A /* CheckIn */,
				460088682B8A5003008E644A /* Data */,
				46B3167B2B8A7476004D7715 /* Settings */,
				46B316732B8A6793004D7715 /* Navigation */,
				460088662B8A4FE5008E644A /* Onboarding */,
				46F9F3F62B89B3CF00F524AC /* ipseApp.swift */,
				46F9F3F82B89B3CF00F524AC /* ContentView.swift */,
				46F9F3FA2B89B3D000F524AC /* Assets.xcassets */,
				46F9F3FF2B89B3D000F524AC /* Persistence.swift */,
				46F9F4012B89B3D000F524AC /* ipse.xcdatamodeld */,
			);
			path = ipse;
			sourceTree = "<group>";
		};
/* End PBXGroup section */

/* Begin PBXNativeTarget section */
		46F9F3F22B89B3CF00F524AC /* ipse */ = {
			isa = PBXNativeTarget;
			buildConfigurationList = 46F9F4062B89B3D000F524AC /* Build configuration list for PBXNativeTarget "ipse" */;
			buildPhases = (
				46F9F3EF2B89B3CF00F524AC /* Sources */,
				46F9F3F02B89B3CF00F524AC /* Frameworks */,
				46F9F3F12B89B3CF00F524AC /* Resources */,
			);
			buildRules = (
			);
			dependencies = (
			);
			name = ipse;
			productName = ipse;
			productReference = 46F9F3F32B89B3CF00F524AC /* ipse.app */;
			productType = "com.apple.product-type.application";
		};
/* End PBXNativeTarget section */

/* Begin PBXProject section */
		46F9F3EB2B89B3CF00F524AC /* Project object */ = {
			isa = PBXProject;
			attributes = {
				BuildIndependentTargetsInParallel = 1;
				LastSwiftUpdateCheck = 1500;
				LastUpgradeCheck = 1500;
				TargetAttributes = {
					46F9F3F22B89B3CF00F524AC = {
						CreatedOnToolsVersion = 15.0;
					};
				};
			};
			buildConfigurationList = 46F9F3EE2B89B3CF00F524AC /* Build configuration list for PBXProject "ipse" */;
			compatibilityVersion = "Xcode 14.0";
			developmentRegion = en;
			hasScannedForEncodings = 0;
			knownRegions = (
				en,
				Base,
			);
			mainGroup = 46F9F3EA2B89B3CF00F524AC;
			productRefGroup = 46F9F3F42B89B3CF00F524AC /* Products */;
			projectDirPath = "";
			projectRoot = "";
			targets = (
				46F9F3F22B89B3CF00F524AC /* ipse */,
			);
		};
/* End PBXProject section */

/* Begin PBXResourcesBuildPhase section */
		46F9F3F12B89B3CF00F524AC /* Resources */ = {
			isa = PBXResourcesBuildPhase;
			buildActionMask = 2147483647;
			files = (
				4600887B2B8A5BD2008E644A /* ReadexPro.ttf in Resources */,
				46F9F3FB2B89B3D000F524AC /* Assets.xcassets in Resources */,
			);
			runOnlyForDeploymentPostprocessing = 0;
		};
/* End PBXResourcesBuildPhase section */

/* Begin PBXSourcesBuildPhase section */
		46F9F3EF2B89B3CF00F524AC /* Sources */ = {
			isa = PBXSourcesBuildPhase;
			buildActionMask = 2147483647;
			files = (
				46B316752B8A67A2004D7715 /* NavigationViewModel.swift in Sources */,
				4600886D2B8A51EC008E644A /* TextLabelButton.swift in Sources */,
				46F9F4002B89B3D000F524AC /* Persistence.swift in Sources */,
				46B316822B8A7869004D7715 /* PartOfDay.swift in Sources */,
				46F9F3F92B89B3CF00F524AC /* ContentView.swift in Sources */,
				46B316772B8A7355004D7715 /* OnboardingViewModel.swift in Sources */,
				46B316802B8A775E004D7715 /* CircleImageButton.swift in Sources */,
				46F9F4032B89B3D000F524AC /* ipse.xcdatamodeld in Sources */,
				4600886F2B8A5368008E644A /* Constants.swift in Sources */,
				4600886B2B8A513F008E644A /* OnboardingView.swift in Sources */,
				46B3167E2B8A7550004D7715 /* Traits.swift in Sources */,
				46F9F3F72B89B3CF00F524AC /* ipseApp.swift in Sources */,
			);
			runOnlyForDeploymentPostprocessing = 0;
		};
/* End PBXSourcesBuildPhase section */

/* Begin XCBuildConfiguration section */
		46F9F4042B89B3D000F524AC /* Debug */ = {
			isa = XCBuildConfiguration;
			buildSettings = {
				ALWAYS_SEARCH_USER_PATHS = NO;
				ASSETCATALOG_COMPILER_GENERATE_SWIFT_ASSET_SYMBOL_EXTENSIONS = YES;
				CLANG_ANALYZER_NONNULL = YES;
				CLANG_ANALYZER_NUMBER_OBJECT_CONVERSION = YES_AGGRESSIVE;
				CLANG_CXX_LANGUAGE_STANDARD = "gnu++20";
				CLANG_ENABLE_MODULES = YES;
				CLANG_ENABLE_OBJC_ARC = YES;
				CLANG_ENABLE_OBJC_WEAK = YES;
				CLANG_WARN_BLOCK_CAPTURE_AUTORELEASING = YES;
				CLANG_WARN_BOOL_CONVERSION = YES;
				CLANG_WARN_COMMA = YES;
				CLANG_WARN_CONSTANT_CONVERSION = YES;
				CLANG_WARN_DEPRECATED_OBJC_IMPLEMENTATIONS = YES;
				CLANG_WARN_DIRECT_OBJC_ISA_USAGE = YES_ERROR;
				CLANG_WARN_DOCUMENTATION_COMMENTS = YES;
				CLANG_WARN_EMPTY_BODY = YES;
				CLANG_WARN_ENUM_CONVERSION = YES;
				CLANG_WARN_INFINITE_RECURSION = YES;
				CLANG_WARN_INT_CONVERSION = YES;
				CLANG_WARN_NON_LITERAL_NULL_CONVERSION = YES;
				CLANG_WARN_OBJC_IMPLICIT_RETAIN_SELF = YES;
				CLANG_WARN_OBJC_LITERAL_CONVERSION = YES;
				CLANG_WARN_OBJC_ROOT_CLASS = YES_ERROR;
				CLANG_WARN_QUOTED_INCLUDE_IN_FRAMEWORK_HEADER = YES;
				CLANG_WARN_RANGE_LOOP_ANALYSIS = YES;
				CLANG_WARN_STRICT_PROTOTYPES = YES;
				CLANG_WARN_SUSPICIOUS_MOVE = YES;
				CLANG_WARN_UNGUARDED_AVAILABILITY = YES_AGGRESSIVE;
				CLANG_WARN_UNREACHABLE_CODE = YES;
				CLANG_WARN__DUPLICATE_METHOD_MATCH = YES;
				COPY_PHASE_STRIP = NO;
				DEBUG_INFORMATION_FORMAT = dwarf;
				ENABLE_STRICT_OBJC_MSGSEND = YES;
				ENABLE_TESTABILITY = YES;
				ENABLE_USER_SCRIPT_SANDBOXING = YES;
				GCC_C_LANGUAGE_STANDARD = gnu17;
				GCC_DYNAMIC_NO_PIC = NO;
				GCC_NO_COMMON_BLOCKS = YES;
				GCC_OPTIMIZATION_LEVEL = 0;
				GCC_PREPROCESSOR_DEFINITIONS = (
					"DEBUG=1",
					"$(inherited)",
				);
				GCC_WARN_64_TO_32_BIT_CONVERSION = YES;
				GCC_WARN_ABOUT_RETURN_TYPE = YES_ERROR;
				GCC_WARN_UNDECLARED_SELECTOR = YES;
				GCC_WARN_UNINITIALIZED_AUTOS = YES_AGGRESSIVE;
				GCC_WARN_UNUSED_FUNCTION = YES;
				GCC_WARN_UNUSED_VARIABLE = YES;
				IPHONEOS_DEPLOYMENT_TARGET = 17.0;
				LOCALIZATION_PREFERS_STRING_CATALOGS = YES;
				MTL_ENABLE_DEBUG_INFO = INCLUDE_SOURCE;
				MTL_FAST_MATH = YES;
				ONLY_ACTIVE_ARCH = YES;
				SDKROOT = iphoneos;
				SWIFT_ACTIVE_COMPILATION_CONDITIONS = "DEBUG $(inherited)";
				SWIFT_OPTIMIZATION_LEVEL = "-Onone";
			};
			name = Debug;
		};
		46F9F4052B89B3D000F524AC /* Release */ = {
			isa = XCBuildConfiguration;
			buildSettings = {
				ALWAYS_SEARCH_USER_PATHS = NO;
				ASSETCATALOG_COMPILER_GENERATE_SWIFT_ASSET_SYMBOL_EXTENSIONS = YES;
				CLANG_ANALYZER_NONNULL = YES;
				CLANG_ANALYZER_NUMBER_OBJECT_CONVERSION = YES_AGGRESSIVE;
				CLANG_CXX_LANGUAGE_STANDARD = "gnu++20";
				CLANG_ENABLE_MODULES = YES;
				CLANG_ENABLE_OBJC_ARC = YES;
				CLANG_ENABLE_OBJC_WEAK = YES;
				CLANG_WARN_BLOCK_CAPTURE_AUTORELEASING = YES;
				CLANG_WARN_BOOL_CONVERSION = YES;
				CLANG_WARN_COMMA = YES;
				CLANG_WARN_CONSTANT_CONVERSION = YES;
				CLANG_WARN_DEPRECATED_OBJC_IMPLEMENTATIONS = YES;
				CLANG_WARN_DIRECT_OBJC_ISA_USAGE = YES_ERROR;
				CLANG_WARN_DOCUMENTATION_COMMENTS = YES;
				CLANG_WARN_EMPTY_BODY = YES;
				CLANG_WARN_ENUM_CONVERSION = YES;
				CLANG_WARN_INFINITE_RECURSION = YES;
				CLANG_WARN_INT_CONVERSION = YES;
				CLANG_WARN_NON_LITERAL_NULL_CONVERSION = YES;
				CLANG_WARN_OBJC_IMPLICIT_RETAIN_SELF = YES;
				CLANG_WARN_OBJC_LITERAL_CONVERSION = YES;
				CLANG_WARN_OBJC_ROOT_CLASS = YES_ERROR;
				CLANG_WARN_QUOTED_INCLUDE_IN_FRAMEWORK_HEADER = YES;
				CLANG_WARN_RANGE_LOOP_ANALYSIS = YES;
				CLANG_WARN_STRICT_PROTOTYPES = YES;
				CLANG_WARN_SUSPICIOUS_MOVE = YES;
				CLANG_WARN_UNGUARDED_AVAILABILITY = YES_AGGRESSIVE;
				CLANG_WARN_UNREACHABLE_CODE = YES;
				CLANG_WARN__DUPLICATE_METHOD_MATCH = YES;
				COPY_PHASE_STRIP = NO;
				DEBUG_INFORMATION_FORMAT = "dwarf-with-dsym";
				ENABLE_NS_ASSERTIONS = NO;
				ENABLE_STRICT_OBJC_MSGSEND = YES;
				ENABLE_USER_SCRIPT_SANDBOXING = YES;
				GCC_C_LANGUAGE_STANDARD = gnu17;
				GCC_NO_COMMON_BLOCKS = YES;
				GCC_WARN_64_TO_32_BIT_CONVERSION = YES;
				GCC_WARN_ABOUT_RETURN_TYPE = YES_ERROR;
				GCC_WARN_UNDECLARED_SELECTOR = YES;
				GCC_WARN_UNINITIALIZED_AUTOS = YES_AGGRESSIVE;
				GCC_WARN_UNUSED_FUNCTION = YES;
				GCC_WARN_UNUSED_VARIABLE = YES;
				IPHONEOS_DEPLOYMENT_TARGET = 17.0;
				LOCALIZATION_PREFERS_STRING_CATALOGS = YES;
				MTL_ENABLE_DEBUG_INFO = NO;
				MTL_FAST_MATH = YES;
				SDKROOT = iphoneos;
				SWIFT_COMPILATION_MODE = wholemodule;
				VALIDATE_PRODUCT = YES;
			};
			name = Release;
		};
		46F9F4072B89B3D000F524AC /* Debug */ = {
			isa = XCBuildConfiguration;
			buildSettings = {
				ASSETCATALOG_COMPILER_APPICON_NAME = AppIcon;
				ASSETCATALOG_COMPILER_GLOBAL_ACCENT_COLOR_NAME = AccentColor;
				CODE_SIGN_STYLE = Automatic;
				CURRENT_PROJECT_VERSION = 1;
				DEVELOPMENT_ASSET_PATHS = "\"ipse/Preview Content\"";
				DEVELOPMENT_TEAM = 9ZZ8U8FYRY;
				ENABLE_PREVIEWS = YES;
				GENERATE_INFOPLIST_FILE = YES;
				INFOPLIST_FILE = ipse/Info.plist;
				INFOPLIST_KEY_UIApplicationSceneManifest_Generation = YES;
				INFOPLIST_KEY_UIApplicationSupportsIndirectInputEvents = YES;
				INFOPLIST_KEY_UILaunchScreen_Generation = YES;
				INFOPLIST_KEY_UISupportedInterfaceOrientations = UIInterfaceOrientationPortrait;
				INFOPLIST_KEY_UISupportedInterfaceOrientations_iPad = "UIInterfaceOrientationLandscapeLeft UIInterfaceOrientationLandscapeRight UIInterfaceOrientationPortrait UIInterfaceOrientationPortraitUpsideDown";
				LD_RUNPATH_SEARCH_PATHS = (
					"$(inherited)",
					"@executable_path/Frameworks",
				);
				MARKETING_VERSION = 1.0;
				PRODUCT_BUNDLE_IDENTIFIER = maxwellbsunshine.ipse;
				PRODUCT_NAME = "$(TARGET_NAME)";
				SWIFT_EMIT_LOC_STRINGS = YES;
				SWIFT_VERSION = 5.0;
				TARGETED_DEVICE_FAMILY = "1,2";
			};
			name = Debug;
		};
		46F9F4082B89B3D000F524AC /* Release */ = {
			isa = XCBuildConfiguration;
			buildSettings = {
				ASSETCATALOG_COMPILER_APPICON_NAME = AppIcon;
				ASSETCATALOG_COMPILER_GLOBAL_ACCENT_COLOR_NAME = AccentColor;
				CODE_SIGN_STYLE = Automatic;
				CURRENT_PROJECT_VERSION = 1;
				DEVELOPMENT_ASSET_PATHS = "\"ipse/Preview Content\"";
				DEVELOPMENT_TEAM = 9ZZ8U8FYRY;
				ENABLE_PREVIEWS = YES;
				GENERATE_INFOPLIST_FILE = YES;
				INFOPLIST_FILE = ipse/Info.plist;
				INFOPLIST_KEY_UIApplicationSceneManifest_Generation = YES;
				INFOPLIST_KEY_UIApplicationSupportsIndirectInputEvents = YES;
				INFOPLIST_KEY_UILaunchScreen_Generation = YES;
				INFOPLIST_KEY_UISupportedInterfaceOrientations = UIInterfaceOrientationPortrait;
				INFOPLIST_KEY_UISupportedInterfaceOrientations_iPad = "UIInterfaceOrientationLandscapeLeft UIInterfaceOrientationLandscapeRight UIInterfaceOrientationPortrait UIInterfaceOrientationPortraitUpsideDown";
				LD_RUNPATH_SEARCH_PATHS = (
					"$(inherited)",
					"@executable_path/Frameworks",
				);
				MARKETING_VERSION = 1.0;
				PRODUCT_BUNDLE_IDENTIFIER = maxwellbsunshine.ipse;
				PRODUCT_NAME = "$(TARGET_NAME)";
				SWIFT_EMIT_LOC_STRINGS = YES;
				SWIFT_VERSION = 5.0;
				TARGETED_DEVICE_FAMILY = "1,2";
			};
			name = Release;
		};
/* End XCBuildConfiguration section */

/* Begin XCConfigurationList section */
		46F9F3EE2B89B3CF00F524AC /* Build configuration list for PBXProject "ipse" */ = {
			isa = XCConfigurationList;
			buildConfigurations = (
				46F9F4042B89B3D000F524AC /* Debug */,
				46F9F4052B89B3D000F524AC /* Release */,
			);
			defaultConfigurationIsVisible = 0;
			defaultConfigurationName = Release;
		};
		46F9F4062B89B3D000F524AC /* Build configuration list for PBXNativeTarget "ipse" */ = {
			isa = XCConfigurationList;
			buildConfigurations = (
				46F9F4072B89B3D000F524AC /* Debug */,
				46F9F4082B89B3D000F524AC /* Release */,
			);
			defaultConfigurationIsVisible = 0;
			defaultConfigurationName = Release;
		};
/* End XCConfigurationList section */

/* Begin XCVersionGroup section */
		46F9F4012B89B3D000F524AC /* ipse.xcdatamodeld */ = {
			isa = XCVersionGroup;
			children = (
				46F9F4022B89B3D000F524AC /* ipse.xcdatamodel */,
			);
			currentVersion = 46F9F4022B89B3D000F524AC /* ipse.xcdatamodel */;
			path = ipse.xcdatamodeld;
			sourceTree = "<group>";
			versionGroupType = wrapper.xcdatamodel;
		};
/* End XCVersionGroup section */
	};
	rootObject = 46F9F3EB2B89B3CF00F524AC /* Project object */;
}
